
Microsoft Visual Studio Solution File, Format Version 12.00
# Visual Studio Version 17
VisualStudioVersion = 17.14.36414.22 d17.14
MinimumVisualStudioVersion = 10.0.40219.1
Project("{FAE04EC0-301F-11D3-BF4B-00C04F79EFBC}") = "Eikonix", "Eikonix\Eikonix.csproj", "{C1A9D57E-254B-4C92-97C5-0CDDA2C12B1E}"
EndProject
Global
	GlobalSection(SolutionConfigurationPlatforms) = preSolution
		Debug|Any CPU = Debug|Any CPU
		Release|Any CPU = Release|Any CPU
	EndGlobalSection
	GlobalSection(ProjectConfigurationPlatforms) = postSolution
		{C1A9D57E-254B-4C92-97C5-0CDDA2C12B1E}.Debug|Any CPU.ActiveCfg = Debug|Any CPU
		{C1A9D57E-254B-4C92-97C5-0CDDA2C12B1E}.Debug|Any CPU.Build.0 = Debug|Any CPU
		{C1A9D57E-254B-4C92-97C5-0CDDA2C12B1E}.Release|Any CPU.ActiveCfg = Release|Any CPU
		{C1A9D57E-254B-4C92-97C5-0CDDA2C12B1E}.Release|Any CPU.Build.0 = Release|Any CPU
	EndGlobalSection
	GlobalSection(SolutionProperties) = preSolution
		HideSolutionNode = FALSE
	EndGlobalSection
	GlobalSection(ExtensibilityGlobals) = postSolution
		SolutionGuid = {1B87DA41-379C-4C73-81BF-60AF7D2D657C}
	EndGlobalSection
EndGlobal
